jordanreger.com/bsky v0.0.0-20240508153704-fe259470af7d h1:YKRdvmgqqW2R5fzNCVUjfZl1xn8jXXxEqFUd4EZg+eY=
jordanreger.com/bsky v0.0.0-20240508153704-fe259470af7d/go.mod h1:iE/STWOEbdeq7b1kyP5b/9KA/fRoEhzUtcoyp0zjpZU=
jordanreger.com/bsky/feeds v0.0.0-20240508153704-fe259470af7d h1:m7I5Ecah1AX4aBKRiyZfe9NVWzHD2y62vV8BXRRaTAE=
jordanreger.com/bsky/feeds v0.0.0-20240508153704-fe259470af7d/go.mod h1:pt7DbcRMYpuj40kU6erK9ycdwqgaX8Mqm4OLsyeDa1Y=
