git.sr.ht/~jordanreger/htmlsky/bsky v0.0.0-20240429155031-c13358f61640 h1:GXcSzdNi5XNmGDeO5HXvEuvPV3dfriDw9+xPTSYNXc0=
git.sr.ht/~jordanreger/htmlsky/bsky v0.0.0-20240429155031-c13358f61640/go.mod h1:txK3aCV79rG05LciJeitaLeMxgvlu0Y6ByQ/4dFDMCQ=
git.sr.ht/~jordanreger/htmlsky/util v0.0.0-20240429155031-c13358f61640 h1:mObkjeJ1xoA5wQ8OQgXEq8jRxiacJReEVD+sSwHeM/8=
git.sr.ht/~jordanreger/htmlsky/util v0.0.0-20240429155031-c13358f61640/go.mod h1:MrZSdXsmG1tr+jy64u1cdEsDvdNk2Crp6komLgPUc10=
